<Solution>
  <Folder Name="/labs/" />
  <Folder Name="/labs/observability/" />
  <Folder Name="/labs/observability/part1-slow-api/">
    <Project Path="labs/observability/part1-slow-api/ObservabilityPart1.csproj" />
  </Folder>
  <Folder Name="/labs/observability/part2-structured-logging/">
    <Project Path="labs/observability/part2-structured-logging/ObservabilityPart2.csproj" />
  </Folder>
  <Folder Name="/labs/observability/part4-correlation-id/">
    <Project Path="labs/observability/part4-correlation-id/ObservabilityPart4.csproj" />
  </Folder>
  <Folder Name="/labs/observability/part5-metrics/">
    <Project Path="labs/observability/part5-metrics/ObservabilityPart5.csproj" />
  </Folder>
  <Folder Name="/labs/observability/part6-tail-latency/">
    <Project Path="labs/observability/part6-tail-latency/ObservabilityPart6.csproj" />
  </Folder>
  <Folder Name="/labs/observability/part7-distributed-tracing/">
    <Folder Name="/labs/observability/part7-distributed-tracing/src/">
      <Folder Name="/labs/observability/part7-distributed-tracing/src/AppointmentApi/">
        <Project Path="labs/observability/part7-distributed-tracing/src/AppointmentApi/AppointmentApi.csproj" />
      </Folder>
      <Folder Name="/labs/observability/part7-distributed-tracing/src/PrescriptionApi/">
        <Project Path="labs/observability/part7-distributed-tracing/src/PrescriptionApi/PrescriptionApi.csproj" />
      </Folder>
    </Folder>
  </Folder>
  <Folder Name="/labs/system-thinking/" />
  <Folder Name="/labs/system-thinking/part1-code-to-systems/">
    <Project Path="labs/system-thinking/part1-code-to-systems/SystemThinkingPart1.csproj" />
  </Folder>
  <Folder Name="/labs/system-thinking/part2-n-plus-one/">
    <Project Path="labs/system-thinking/part2-n-plus-one/SystemThinkingPart2.csproj" />
  </Folder>
  <Folder Name="/labs/system-thinking/part5-cpu-vs-io/">
    <Project Path="labs/system-thinking/part5-cpu-vs-io/SystemThinkingPart5.csproj" />
  </Folder>
</Solution>
